
Microsoft Visual Studio Solution File, Format Version 12.00
# Visual Studio Version 16
VisualStudioVersion = 16.0.33214.272
MinimumVisualStudioVersion = 10.0.40219.1
Project("{FAE04EC0-301F-11D3-BF4B-00C04F79EFBC}") = "Intex2A", "Intex2A.csproj", "{190C2924-EC45-4996-8C3E-BFE6DD3EAFD5}"
EndProject
Global
	GlobalSection(SolutionConfigurationPlatforms) = preSolution
		Debug|Any CPU = Debug|Any CPU
		Release|Any CPU = Release|Any CPU
	EndGlobalSection
	GlobalSection(ProjectConfigurationPlatforms) = postSolution
		{190C2924-EC45-4996-8C3E-BFE6DD3EAFD5}.Debug|Any CPU.ActiveCfg = Debug|Any CPU
		{190C2924-EC45-4996-8C3E-BFE6DD3EAFD5}.Debug|Any CPU.Build.0 = Debug|Any CPU
		{190C2924-EC45-4996-8C3E-BFE6DD3EAFD5}.Release|Any CPU.ActiveCfg = Release|Any CPU
		{190C2924-EC45-4996-8C3E-BFE6DD3EAFD5}.Release|Any CPU.Build.0 = Release|Any CPU
	EndGlobalSection
	GlobalSection(SolutionProperties) = preSolution
		HideSolutionNode = FALSE
	EndGlobalSection
	GlobalSection(ExtensibilityGlobals) = postSolution
		SolutionGuid = {53174100-6927-4BFD-90DC-CC8EDE26B3AA}
	EndGlobalSection
EndGlobal
